
Microsoft Visual Studio Solution File, Format Version 12.00
# Visual Studio Version 17
VisualStudioVersion = 17.1.32210.238
MinimumVisualStudioVersion = 10.0.40219.1
Project("{9A19103F-16F7-4668-BE54-9A1E7A4F7556}") = "DicePoker.Core", "DicePoker.Core\DicePoker.Core.csproj", "{7E16F4C8-2ABF-4308-AA97-3F950BC70C3D}"
EndProject
Project("{9A19103F-16F7-4668-BE54-9A1E7A4F7556}") = "DicePoker.Tests", "DicePoker.Tests\DicePoker.Tests.csproj", "{AFFBD0DA-A83F-44C5-B591-6F2B23A3EEF1}"
EndProject
Global
	GlobalSection(SolutionConfigurationPlatforms) = preSolution
		Debug|Any CPU = Debug|Any CPU
		Release|Any CPU = Release|Any CPU
	EndGlobalSection
	GlobalSection(ProjectConfigurationPlatforms) = postSolution
		{7E16F4C8-2ABF-4308-AA97-3F950BC70C3D}.Debug|Any CPU.ActiveCfg = Debug|Any CPU
		{7E16F4C8-2ABF-4308-AA97-3F950BC70C3D}.Debug|Any CPU.Build.0 = Debug|Any CPU
		{7E16F4C8-2ABF-4308-AA97-3F950BC70C3D}.Release|Any CPU.ActiveCfg = Release|Any CPU
		{7E16F4C8-2ABF-4308-AA97-3F950BC70C3D}.Release|Any CPU.Build.0 = Release|Any CPU
		{AFFBD0DA-A83F-44C5-B591-6F2B23A3EEF1}.Debug|Any CPU.ActiveCfg = Debug|Any CPU
		{AFFBD0DA-A83F-44C5-B591-6F2B23A3EEF1}.Debug|Any CPU.Build.0 = Debug|Any CPU
		{AFFBD0DA-A83F-44C5-B591-6F2B23A3EEF1}.Release|Any CPU.ActiveCfg = Release|Any CPU
		{AFFBD0DA-A83F-44C5-B591-6F2B23A3EEF1}.Release|Any CPU.Build.0 = Release|Any CPU
	EndGlobalSection
	GlobalSection(SolutionProperties) = preSolution
		HideSolutionNode = FALSE
	EndGlobalSection
	GlobalSection(ExtensibilityGlobals) = postSolution
		SolutionGuid = {170AED55-0112-4322-BD89-CE42747A0E62}
	EndGlobalSection
EndGlobal
